<?xml version="1.0" encoding="utf-8"?>
<Project ToolsVersion="4.0" xmlns="http://schemas.microsoft.com/developer/msbuild/2003">
  <ItemGroup>
    <ClCompile Include="..\..\..\main\TemperatureSensor.cpp" />
    <ClCompile Include="..\..\..\main\Heater.cpp" />
    <ClCompile Include="..\..\..\main\main.cpp" />
  </ItemGroup>
  <ItemGroup>
    <ClInclude Include="..\..\..\main\defines.h" />
    <ClInclude Include="..\..\..\main\TemperatureSensor.h" />
    <ClInclude Include="..\..\..\main\Heater.h" />
  </ItemGroup>
</Project>